
Microsoft Visual Studio Solution File, Format Version 12.00
# Visual Studio Version 18
VisualStudioVersion = 18.3.11429.125 d18.3
MinimumVisualStudioVersion = 10.0.40219.1
Project("{2150E333-8FDC-42A3-9474-1A3956D46DE8}") = "Compiler", "Compiler", "{47D6D365-36CE-43C2-91D0-5A071928C62A}"
EndProject
Project("{9A19103F-16F7-4668-BE54-9A1E7A4F7556}") = "H5.Compiler", "H5\Compiler\Compiler\H5.Compiler.csproj", "{243BB709-3912-4C65-82D4-787A5E2201D7}"
EndProject
Project("{9A19103F-16F7-4668-BE54-9A1E7A4F7556}") = "H5", "H5\H5\H5.csproj", "{DE78B8B7-C0F5-415B-A70B-02194433F450}"
EndProject
Project("{9A19103F-16F7-4668-BE54-9A1E7A4F7556}") = "H5.Contract", "H5\Compiler\Contract\H5.Contract.csproj", "{52AE9E3E-6929-4720-AB7A-F9F22B9A8972}"
EndProject
Project("{9A19103F-16F7-4668-BE54-9A1E7A4F7556}") = "H5.Translator", "H5\Compiler\Translator\H5.Translator.csproj", "{44124331-C60A-4071-B387-4B8E71324B10}"
EndProject
Project("{2150E333-8FDC-42A3-9474-1A3956D46DE8}") = "NRefactory", "NRefactory", "{3C35A275-09BC-4C5C-B33C-392FF15F2238}"
EndProject
Project("{9A19103F-16F7-4668-BE54-9A1E7A4F7556}") = "ICSharpCode.NRefactory", "External\NRefactory\ICSharpCode.NRefactory\ICSharpCode.NRefactory.csproj", "{3B2A5653-EC97-4001-BB9B-D90F1AF2C371}"
EndProject
Project("{9A19103F-16F7-4668-BE54-9A1E7A4F7556}") = "ICSharpCode.NRefactory.Cecil", "External\NRefactory\ICSharpCode.NRefactory.Cecil\ICSharpCode.NRefactory.Cecil.csproj", "{2B8F4F83-C2B3-4E84-A27B-8DEE1BE0E006}"
EndProject
Project("{9A19103F-16F7-4668-BE54-9A1E7A4F7556}") = "ICSharpCode.NRefactory.CSharp", "External\NRefactory\ICSharpCode.NRefactory.CSharp\ICSharpCode.NRefactory.CSharp.csproj", "{53DCA265-3C3C-42F9-B647-F72BA678122B}"
EndProject
Project("{2150E333-8FDC-42A3-9474-1A3956D46DE8}") = "Object.Net.Utilities", "Object.Net.Utilities", "{EA8CB234-60A5-4B07-9FAD-9EDE1659656E}"
EndProject
Project("{9A19103F-16F7-4668-BE54-9A1E7A4F7556}") = "Object.Net.Utilities", "External\Object.Net.Utilities\Object.Net.Utilities.csproj", "{351B6B9D-3FAF-4B95-A7D7-C10AC046D84F}"
EndProject
Project("{2150E333-8FDC-42A3-9474-1A3956D46DE8}") = "Library", "Library", "{0153D929-0988-472C-B5E1-B9E34EAE51E0}"
EndProject
Project("{9A19103F-16F7-4668-BE54-9A1E7A4F7556}") = "H5.Core", "H5\H5.Core\H5.Core.csproj", "{229C8FBC-7F91-4361-B5A9-A20190AC75DA}"
EndProject
Project("{2150E333-8FDC-42A3-9474-1A3956D46DE8}") = "External", "External", "{C3318F77-D1F4-4CE9-8A4B-0ADD1AAC2299}"
EndProject
Project("{2150E333-8FDC-42A3-9474-1A3956D46DE8}") = "Tests", "Tests", "{F9C341F8-56F6-4BDF-9B19-F48E7F4DA800}"
EndProject
Project("{9A19103F-16F7-4668-BE54-9A1E7A4F7556}") = "H5.Newtonsoft.Json", "H5\H5.Newtonsoft.Json\H5.Newtonsoft.Json.csproj", "{A7BAAC21-D709-44FB-93C6-992A4AEFC2C8}"
EndProject
Project("{2150E333-8FDC-42A3-9474-1A3956D46DE8}") = ".devops", ".devops", "{E9B81935-86AE-4110-9237-17FF9A1AB806}"
	ProjectSection(SolutionItems) = preProject
		.devops\build-dotnet-tool.yml = .devops\build-dotnet-tool.yml
		.devops\build-h5-core.yml = .devops\build-h5-core.yml
		.devops\build-h5-howler.yml = .devops\build-h5-howler.yml
		.devops\build-h5-httpclient.yml = .devops\build-h5-httpclient.yml
		.devops\build-h5-json.yml = .devops\build-h5-json.yml
		.devops\build-h5-lib.yml = .devops\build-h5-lib.yml
		.devops\build-h5-p2.yml = .devops\build-h5-p2.yml
		.devops\build-h5-target.yml = .devops\build-h5-target.yml
		.devops\build-h5-webgl2.yml = .devops\build-h5-webgl2.yml
		.devops\build-template.yml = .devops\build-template.yml
	EndProjectSection
EndProject
Project("{9A19103F-16F7-4668-BE54-9A1E7A4F7556}") = "H5.Build.Target", "H5\H5.Build.Target\H5.Build.Target.csproj", "{B4C19113-10D0-4775-A7AE-807C9104999C}"
EndProject
Project("{2150E333-8FDC-42A3-9474-1A3956D46DE8}") = "Solution Items", "Solution Items", "{FE41DF3B-9430-41A1-852A-727182C0FC75}"
	ProjectSection(SolutionItems) = preProject
		ACKNOWLEDGMENTS = ACKNOWLEDGMENTS
		LICENSE = LICENSE
		README.md = README.md
	EndProjectSection
EndProject
Project("{9A19103F-16F7-4668-BE54-9A1E7A4F7556}") = "Placeholder", "Tests\Placeholder\Placeholder.csproj", "{F2B03EAB-010A-43C8-AD62-36E61D915CAB}"
EndProject
Project("{9A19103F-16F7-4668-BE54-9A1E7A4F7556}") = "H5.Compiler.Service", "H5\Compiler\Compiler.Service\H5.Compiler.Service.csproj", "{3B438503-7812-4B1B-8AF3-B3E2FBB5C4B2}"
EndProject
Project("{9A19103F-16F7-4668-BE54-9A1E7A4F7556}") = "Test.Compiler.Service", "Tests\Test.Compiler.Service\Test.Compiler.Service.csproj", "{C0CA9C87-C38B-4B51-BBFC-6BCB62D92DF1}"
EndProject
Project("{9A19103F-16F7-4668-BE54-9A1E7A4F7556}") = "H5.webgl2", "H5\H5.Packages\H5.webgl2\H5.webgl2.csproj", "{80446C20-AC66-404D-B1DA-7B9F33D38140}"
EndProject
Project("{9A19103F-16F7-4668-BE54-9A1E7A4F7556}") = "h5.Template", "Template\h5.Template.csproj", "{C12AEC93-81A0-4E8D-9DF7-1C910B8F3FB8}"
EndProject
Project("{9A19103F-16F7-4668-BE54-9A1E7A4F7556}") = "H5.p2", "H5\H5.Packages\H5.p2\H5.p2.csproj", "{F99CBC97-CF67-46A9-982A-11CEE40D7DBC}"
EndProject
Project("{9A19103F-16F7-4668-BE54-9A1E7A4F7556}") = "H5.howler", "H5\H5.Packages\H5.howler\H5.howler.csproj", "{9C2C0FE1-C4D4-44D8-BE45-BB0DC31F4A06}"
EndProject
Project("{9A19103F-16F7-4668-BE54-9A1E7A4F7556}") = "H5.httpclient", "H5\H5.Packages\H5.httpclient\H5.httpclient.csproj", "{F14ED432-8852-49CE-BB03-83778F25CC48}"
EndProject
Project("{FAE04EC0-301F-11D3-BF4B-00C04F79EFBC}") = "H5.Compiler.IntegrationTests", "Tests\H5.Compiler.IntegrationTests\H5.Compiler.IntegrationTests.csproj", "{0ADC77B8-BF2E-7BDF-AA8A-936C9BF030FA}"
EndProject
Global
	GlobalSection(SolutionConfigurationPlatforms) = preSolution
		Debug|Any CPU = Debug|Any CPU
		Release|Any CPU = Release|Any CPU
	EndGlobalSection
	GlobalSection(ProjectConfigurationPlatforms) = postSolution
		{243BB709-3912-4C65-82D4-787A5E2201D7}.Debug|Any CPU.ActiveCfg = Debug|Any CPU
		{243BB709-3912-4C65-82D4-787A5E2201D7}.Debug|Any CPU.Build.0 = Debug|Any CPU
		{243BB709-3912-4C65-82D4-787A5E2201D7}.Release|Any CPU.ActiveCfg = Release|Any CPU
		{243BB709-3912-4C65-82D4-787A5E2201D7}.Release|Any CPU.Build.0 = Release|Any CPU
		{DE78B8B7-C0F5-415B-A70B-02194433F450}.Debug|Any CPU.ActiveCfg = Debug|Any CPU
		{DE78B8B7-C0F5-415B-A70B-02194433F450}.Debug|Any CPU.Build.0 = Debug|Any CPU
		{DE78B8B7-C0F5-415B-A70B-02194433F450}.Release|Any CPU.ActiveCfg = Release|Any CPU
		{DE78B8B7-C0F5-415B-A70B-02194433F450}.Release|Any CPU.Build.0 = Release|Any CPU
		{52AE9E3E-6929-4720-AB7A-F9F22B9A8972}.Debug|Any CPU.ActiveCfg = Debug|Any CPU
		{52AE9E3E-6929-4720-AB7A-F9F22B9A8972}.Debug|Any CPU.Build.0 = Debug|Any CPU
		{52AE9E3E-6929-4720-AB7A-F9F22B9A8972}.Release|Any CPU.ActiveCfg = Release|Any CPU
		{52AE9E3E-6929-4720-AB7A-F9F22B9A8972}.Release|Any CPU.Build.0 = Release|Any CPU
		{44124331-C60A-4071-B387-4B8E71324B10}.Debug|Any CPU.ActiveCfg = Debug|Any CPU
		{44124331-C60A-4071-B387-4B8E71324B10}.Debug|Any CPU.Build.0 = Debug|Any CPU
		{44124331-C60A-4071-B387-4B8E71324B10}.Release|Any CPU.ActiveCfg = Release|Any CPU
		{44124331-C60A-4071-B387-4B8E71324B10}.Release|Any CPU.Build.0 = Release|Any CPU
		{3B2A5653-EC97-4001-BB9B-D90F1AF2C371}.Debug|Any CPU.ActiveCfg = Debug|Any CPU
		{3B2A5653-EC97-4001-BB9B-D90F1AF2C371}.Debug|Any CPU.Build.0 = Debug|Any CPU
		{3B2A5653-EC97-4001-BB9B-D90F1AF2C371}.Release|Any CPU.ActiveCfg = Release|Any CPU
		{3B2A5653-EC97-4001-BB9B-D90F1AF2C371}.Release|Any CPU.Build.0 = Release|Any CPU
		{2B8F4F83-C2B3-4E84-A27B-8DEE1BE0E006}.Debug|Any CPU.ActiveCfg = Debug|Any CPU
		{2B8F4F83-C2B3-4E84-A27B-8DEE1BE0E006}.Debug|Any CPU.Build.0 = Debug|Any CPU
		{2B8F4F83-C2B3-4E84-A27B-8DEE1BE0E006}.Release|Any CPU.ActiveCfg = Release|Any CPU
		{2B8F4F83-C2B3-4E84-A27B-8DEE1BE0E006}.Release|Any CPU.Build.0 = Release|Any CPU
		{53DCA265-3C3C-42F9-B647-F72BA678122B}.Debug|Any CPU.ActiveCfg = Debug|Any CPU
		{53DCA265-3C3C-42F9-B647-F72BA678122B}.Debug|Any CPU.Build.0 = Debug|Any CPU
		{53DCA265-3C3C-42F9-B647-F72BA678122B}.Release|Any CPU.ActiveCfg = Release|Any CPU
		{53DCA265-3C3C-42F9-B647-F72BA678122B}.Release|Any CPU.Build.0 = Release|Any CPU
		{351B6B9D-3FAF-4B95-A7D7-C10AC046D84F}.Debug|Any CPU.ActiveCfg = Debug|Any CPU
		{351B6B9D-3FAF-4B95-A7D7-C10AC046D84F}.Debug|Any CPU.Build.0 = Debug|Any CPU
		{351B6B9D-3FAF-4B95-A7D7-C10AC046D84F}.Release|Any CPU.ActiveCfg = Release|Any CPU
		{351B6B9D-3FAF-4B95-A7D7-C10AC046D84F}.Release|Any CPU.Build.0 = Release|Any CPU
		{229C8FBC-7F91-4361-B5A9-A20190AC75DA}.Debug|Any CPU.ActiveCfg = Debug|Any CPU
		{229C8FBC-7F91-4361-B5A9-A20190AC75DA}.Debug|Any CPU.Build.0 = Debug|Any CPU
		{229C8FBC-7F91-4361-B5A9-A20190AC75DA}.Release|Any CPU.ActiveCfg = Release|Any CPU
		{229C8FBC-7F91-4361-B5A9-A20190AC75DA}.Release|Any CPU.Build.0 = Release|Any CPU
		{A7BAAC21-D709-44FB-93C6-992A4AEFC2C8}.Debug|Any CPU.ActiveCfg = Debug|Any CPU
		{A7BAAC21-D709-44FB-93C6-992A4AEFC2C8}.Debug|Any CPU.Build.0 = Debug|Any CPU
		{A7BAAC21-D709-44FB-93C6-992A4AEFC2C8}.Release|Any CPU.ActiveCfg = Release|Any CPU
		{A7BAAC21-D709-44FB-93C6-992A4AEFC2C8}.Release|Any CPU.Build.0 = Release|Any CPU
		{B4C19113-10D0-4775-A7AE-807C9104999C}.Debug|Any CPU.ActiveCfg = Debug|Any CPU
		{B4C19113-10D0-4775-A7AE-807C9104999C}.Debug|Any CPU.Build.0 = Debug|Any CPU
		{B4C19113-10D0-4775-A7AE-807C9104999C}.Release|Any CPU.ActiveCfg = Release|Any CPU
		{B4C19113-10D0-4775-A7AE-807C9104999C}.Release|Any CPU.Build.0 = Release|Any CPU
		{F2B03EAB-010A-43C8-AD62-36E61D915CAB}.Debug|Any CPU.ActiveCfg = Debug|Any CPU
		{F2B03EAB-010A-43C8-AD62-36E61D915CAB}.Debug|Any CPU.Build.0 = Debug|Any CPU
		{F2B03EAB-010A-43C8-AD62-36E61D915CAB}.Release|Any CPU.ActiveCfg = Release|Any CPU
		{F2B03EAB-010A-43C8-AD62-36E61D915CAB}.Release|Any CPU.Build.0 = Release|Any CPU
		{3B438503-7812-4B1B-8AF3-B3E2FBB5C4B2}.Debug|Any CPU.ActiveCfg = Debug|Any CPU
		{3B438503-7812-4B1B-8AF3-B3E2FBB5C4B2}.Debug|Any CPU.Build.0 = Debug|Any CPU
		{3B438503-7812-4B1B-8AF3-B3E2FBB5C4B2}.Release|Any CPU.ActiveCfg = Release|Any CPU
		{3B438503-7812-4B1B-8AF3-B3E2FBB5C4B2}.Release|Any CPU.Build.0 = Release|Any CPU
		{C0CA9C87-C38B-4B51-BBFC-6BCB62D92DF1}.Debug|Any CPU.ActiveCfg = Debug|Any CPU
		{C0CA9C87-C38B-4B51-BBFC-6BCB62D92DF1}.Debug|Any CPU.Build.0 = Debug|Any CPU
		{C0CA9C87-C38B-4B51-BBFC-6BCB62D92DF1}.Release|Any CPU.ActiveCfg = Release|Any CPU
		{C0CA9C87-C38B-4B51-BBFC-6BCB62D92DF1}.Release|Any CPU.Build.0 = Release|Any CPU
		{80446C20-AC66-404D-B1DA-7B9F33D38140}.Debug|Any CPU.ActiveCfg = Debug|Any CPU
		{80446C20-AC66-404D-B1DA-7B9F33D38140}.Debug|Any CPU.Build.0 = Debug|Any CPU
		{80446C20-AC66-404D-B1DA-7B9F33D38140}.Release|Any CPU.ActiveCfg = Release|Any CPU
		{80446C20-AC66-404D-B1DA-7B9F33D38140}.Release|Any CPU.Build.0 = Release|Any CPU
		{C12AEC93-81A0-4E8D-9DF7-1C910B8F3FB8}.Debug|Any CPU.ActiveCfg = Debug|Any CPU
		{C12AEC93-81A0-4E8D-9DF7-1C910B8F3FB8}.Debug|Any CPU.Build.0 = Debug|Any CPU
		{C12AEC93-81A0-4E8D-9DF7-1C910B8F3FB8}.Release|Any CPU.ActiveCfg = Release|Any CPU
		{C12AEC93-81A0-4E8D-9DF7-1C910B8F3FB8}.Release|Any CPU.Build.0 = Release|Any CPU
		{F99CBC97-CF67-46A9-982A-11CEE40D7DBC}.Debug|Any CPU.ActiveCfg = Debug|Any CPU
		{F99CBC97-CF67-46A9-982A-11CEE40D7DBC}.Debug|Any CPU.Build.0 = Debug|Any CPU
		{F99CBC97-CF67-46A9-982A-11CEE40D7DBC}.Release|Any CPU.ActiveCfg = Release|Any CPU
		{F99CBC97-CF67-46A9-982A-11CEE40D7DBC}.Release|Any CPU.Build.0 = Release|Any CPU
		{9C2C0FE1-C4D4-44D8-BE45-BB0DC31F4A06}.Debug|Any CPU.ActiveCfg = Debug|Any CPU
		{9C2C0FE1-C4D4-44D8-BE45-BB0DC31F4A06}.Debug|Any CPU.Build.0 = Debug|Any CPU
		{9C2C0FE1-C4D4-44D8-BE45-BB0DC31F4A06}.Release|Any CPU.ActiveCfg = Release|Any CPU
		{9C2C0FE1-C4D4-44D8-BE45-BB0DC31F4A06}.Release|Any CPU.Build.0 = Release|Any CPU
		{F14ED432-8852-49CE-BB03-83778F25CC48}.Debug|Any CPU.ActiveCfg = Debug|Any CPU
		{F14ED432-8852-49CE-BB03-83778F25CC48}.Debug|Any CPU.Build.0 = Debug|Any CPU
		{F14ED432-8852-49CE-BB03-83778F25CC48}.Release|Any CPU.ActiveCfg = Release|Any CPU
		{F14ED432-8852-49CE-BB03-83778F25CC48}.Release|Any CPU.Build.0 = Release|Any CPU
		{0ADC77B8-BF2E-7BDF-AA8A-936C9BF030FA}.Debug|Any CPU.ActiveCfg = Debug|Any CPU
		{0ADC77B8-BF2E-7BDF-AA8A-936C9BF030FA}.Debug|Any CPU.Build.0 = Debug|Any CPU
		{0ADC77B8-BF2E-7BDF-AA8A-936C9BF030FA}.Release|Any CPU.ActiveCfg = Release|Any CPU
		{0ADC77B8-BF2E-7BDF-AA8A-936C9BF030FA}.Release|Any CPU.Build.0 = Release|Any CPU
	EndGlobalSection
	GlobalSection(SolutionProperties) = preSolution
		HideSolutionNode = FALSE
	EndGlobalSection
	GlobalSection(NestedProjects) = preSolution
		{243BB709-3912-4C65-82D4-787A5E2201D7} = {47D6D365-36CE-43C2-91D0-5A071928C62A}
		{DE78B8B7-C0F5-415B-A70B-02194433F450} = {0153D929-0988-472C-B5E1-B9E34EAE51E0}
		{52AE9E3E-6929-4720-AB7A-F9F22B9A8972} = {47D6D365-36CE-43C2-91D0-5A071928C62A}
		{44124331-C60A-4071-B387-4B8E71324B10} = {47D6D365-36CE-43C2-91D0-5A071928C62A}
		{3C35A275-09BC-4C5C-B33C-392FF15F2238} = {C3318F77-D1F4-4CE9-8A4B-0ADD1AAC2299}
		{3B2A5653-EC97-4001-BB9B-D90F1AF2C371} = {3C35A275-09BC-4C5C-B33C-392FF15F2238}
		{2B8F4F83-C2B3-4E84-A27B-8DEE1BE0E006} = {3C35A275-09BC-4C5C-B33C-392FF15F2238}
		{53DCA265-3C3C-42F9-B647-F72BA678122B} = {3C35A275-09BC-4C5C-B33C-392FF15F2238}
		{EA8CB234-60A5-4B07-9FAD-9EDE1659656E} = {C3318F77-D1F4-4CE9-8A4B-0ADD1AAC2299}
		{351B6B9D-3FAF-4B95-A7D7-C10AC046D84F} = {EA8CB234-60A5-4B07-9FAD-9EDE1659656E}
		{229C8FBC-7F91-4361-B5A9-A20190AC75DA} = {0153D929-0988-472C-B5E1-B9E34EAE51E0}
		{A7BAAC21-D709-44FB-93C6-992A4AEFC2C8} = {0153D929-0988-472C-B5E1-B9E34EAE51E0}
		{F2B03EAB-010A-43C8-AD62-36E61D915CAB} = {F9C341F8-56F6-4BDF-9B19-F48E7F4DA800}
		{3B438503-7812-4B1B-8AF3-B3E2FBB5C4B2} = {47D6D365-36CE-43C2-91D0-5A071928C62A}
		{C0CA9C87-C38B-4B51-BBFC-6BCB62D92DF1} = {F9C341F8-56F6-4BDF-9B19-F48E7F4DA800}
		{80446C20-AC66-404D-B1DA-7B9F33D38140} = {0153D929-0988-472C-B5E1-B9E34EAE51E0}
		{F99CBC97-CF67-46A9-982A-11CEE40D7DBC} = {0153D929-0988-472C-B5E1-B9E34EAE51E0}
		{9C2C0FE1-C4D4-44D8-BE45-BB0DC31F4A06} = {0153D929-0988-472C-B5E1-B9E34EAE51E0}
		{F14ED432-8852-49CE-BB03-83778F25CC48} = {0153D929-0988-472C-B5E1-B9E34EAE51E0}
		{0ADC77B8-BF2E-7BDF-AA8A-936C9BF030FA} = {F9C341F8-56F6-4BDF-9B19-F48E7F4DA800}
	EndGlobalSection
	GlobalSection(ExtensibilityGlobals) = postSolution
		SolutionGuid = {EF71AC36-B6CF-4677-9945-9A6368D62539}
	EndGlobalSection
EndGlobal
