
Microsoft Visual Studio Solution File, Format Version 12.00
# Visual Studio Version 16
VisualStudioVersion = 16.0.30001.183
MinimumVisualStudioVersion = 10.0.40219.1
Project("{2150E333-8FDC-42A3-9474-1A3956D46DE8}") = "HighFive", "HighFive", "{32B4E540-81E6-4E3F-8383-5813786DC899}"
EndProject
Project("{2150E333-8FDC-42A3-9474-1A3956D46DE8}") = "Compiler", "Compiler", "{47D6D365-36CE-43C2-91D0-5A071928C62A}"
EndProject
Project("{9A19103F-16F7-4668-BE54-9A1E7A4F7556}") = "HighFive.Build", "HighFive\Compiler\Build\HighFive.Build.csproj", "{28703D12-116A-4968-BD85-F26D7F7E7DA4}"
	ProjectSection(ProjectDependencies) = postProject
		{243BB709-3912-4C65-82D4-787A5E2201D7} = {243BB709-3912-4C65-82D4-787A5E2201D7}
		{DE78B8B7-C0F5-415B-A70B-02194433F450} = {DE78B8B7-C0F5-415B-A70B-02194433F450}
	EndProjectSection
EndProject
Project("{9A19103F-16F7-4668-BE54-9A1E7A4F7556}") = "HighFive.Builder", "HighFive\Compiler\Builder\HighFive.Builder.csproj", "{243BB709-3912-4C65-82D4-787A5E2201D7}"
EndProject
Project("{9A19103F-16F7-4668-BE54-9A1E7A4F7556}") = "HighFive", "HighFive\HighFive\HighFive.csproj", "{DE78B8B7-C0F5-415B-A70B-02194433F450}"
EndProject
Project("{9A19103F-16F7-4668-BE54-9A1E7A4F7556}") = "HighFive.Contract", "HighFive\Compiler\Contract\HighFive.Contract.csproj", "{52AE9E3E-6929-4720-AB7A-F9F22B9A8972}"
EndProject
Project("{9A19103F-16F7-4668-BE54-9A1E7A4F7556}") = "HighFive.Translator", "HighFive\Compiler\Translator\HighFive.Translator.csproj", "{44124331-C60A-4071-B387-4B8E71324B10}"
EndProject
Project("{2150E333-8FDC-42A3-9474-1A3956D46DE8}") = "NRefactory", "NRefactory", "{3C35A275-09BC-4C5C-B33C-392FF15F2238}"
EndProject
Project("{9A19103F-16F7-4668-BE54-9A1E7A4F7556}") = "ICSharpCode.NRefactory", "External\NRefactory\ICSharpCode.NRefactory\ICSharpCode.NRefactory.csproj", "{3B2A5653-EC97-4001-BB9B-D90F1AF2C371}"
EndProject
Project("{9A19103F-16F7-4668-BE54-9A1E7A4F7556}") = "ICSharpCode.NRefactory.Cecil", "External\NRefactory\ICSharpCode.NRefactory.Cecil\ICSharpCode.NRefactory.Cecil.csproj", "{2B8F4F83-C2B3-4E84-A27B-8DEE1BE0E006}"
EndProject
Project("{9A19103F-16F7-4668-BE54-9A1E7A4F7556}") = "ICSharpCode.NRefactory.CSharp", "External\NRefactory\ICSharpCode.NRefactory.CSharp\ICSharpCode.NRefactory.CSharp.csproj", "{53DCA265-3C3C-42F9-B647-F72BA678122B}"
EndProject
Project("{2150E333-8FDC-42A3-9474-1A3956D46DE8}") = "Object.Net.Utilities", "Object.Net.Utilities", "{EA8CB234-60A5-4B07-9FAD-9EDE1659656E}"
EndProject
Project("{9A19103F-16F7-4668-BE54-9A1E7A4F7556}") = "Object.Net.Utilities", "External\Object.Net.Utilities\Object.Net.Utilities.csproj", "{351B6B9D-3FAF-4B95-A7D7-C10AC046D84F}"
EndProject
Project("{2150E333-8FDC-42A3-9474-1A3956D46DE8}") = "H5", "H5", "{0153D929-0988-472C-B5E1-B9E34EAE51E0}"
EndProject
Project("{9A19103F-16F7-4668-BE54-9A1E7A4F7556}") = "H5.Core", "H5\H5.Core\H5.Core.csproj", "{229C8FBC-7F91-4361-B5A9-A20190AC75DA}"
EndProject
Project("{9A19103F-16F7-4668-BE54-9A1E7A4F7556}") = "H5.dom", "H5\H5.dom\H5.dom.csproj", "{B007B798-1EF2-4D72-B2B5-2BB9FDF2822E}"
EndProject
Project("{9A19103F-16F7-4668-BE54-9A1E7A4F7556}") = "H5.es5", "H5\H5.es5\H5.es5.csproj", "{52994FEF-5F96-4CBD-9589-04B641FC1C18}"
EndProject
Project("{2150E333-8FDC-42A3-9474-1A3956D46DE8}") = "Tesserae", "Tesserae", "{0D466F73-DEDB-462D-AD48-AD11F6164E8B}"
EndProject
Project("{9A19103F-16F7-4668-BE54-9A1E7A4F7556}") = "Tesserae", "Tesserae\Tesserae\Tesserae.csproj", "{A6C57659-F0D9-47F5-8B26-959611E35441}"
EndProject
Project("{9A19103F-16F7-4668-BE54-9A1E7A4F7556}") = "Tesserae.Tests", "Tesserae\Tesserae.Tests\Tesserae.Tests.csproj", "{31E21C93-65BC-4991-99EC-4303E23B0291}"
EndProject
Global
	GlobalSection(SolutionConfigurationPlatforms) = preSolution
		Debug|Any CPU = Debug|Any CPU
		net_4_5_Debug|Any CPU = net_4_5_Debug|Any CPU
		net_4_5_Release|Any CPU = net_4_5_Release|Any CPU
		Release|Any CPU = Release|Any CPU
	EndGlobalSection
	GlobalSection(ProjectConfigurationPlatforms) = postSolution
		{28703D12-116A-4968-BD85-F26D7F7E7DA4}.Debug|Any CPU.ActiveCfg = Debug|Any CPU
		{28703D12-116A-4968-BD85-F26D7F7E7DA4}.Debug|Any CPU.Build.0 = Debug|Any CPU
		{28703D12-116A-4968-BD85-F26D7F7E7DA4}.net_4_5_Debug|Any CPU.ActiveCfg = Debug|Any CPU
		{28703D12-116A-4968-BD85-F26D7F7E7DA4}.net_4_5_Debug|Any CPU.Build.0 = Debug|Any CPU
		{28703D12-116A-4968-BD85-F26D7F7E7DA4}.net_4_5_Release|Any CPU.ActiveCfg = Release|Any CPU
		{28703D12-116A-4968-BD85-F26D7F7E7DA4}.net_4_5_Release|Any CPU.Build.0 = Release|Any CPU
		{28703D12-116A-4968-BD85-F26D7F7E7DA4}.Release|Any CPU.ActiveCfg = Release|Any CPU
		{28703D12-116A-4968-BD85-F26D7F7E7DA4}.Release|Any CPU.Build.0 = Release|Any CPU
		{243BB709-3912-4C65-82D4-787A5E2201D7}.Debug|Any CPU.ActiveCfg = Debug|Any CPU
		{243BB709-3912-4C65-82D4-787A5E2201D7}.Debug|Any CPU.Build.0 = Debug|Any CPU
		{243BB709-3912-4C65-82D4-787A5E2201D7}.net_4_5_Debug|Any CPU.ActiveCfg = Debug|Any CPU
		{243BB709-3912-4C65-82D4-787A5E2201D7}.net_4_5_Debug|Any CPU.Build.0 = Debug|Any CPU
		{243BB709-3912-4C65-82D4-787A5E2201D7}.net_4_5_Release|Any CPU.ActiveCfg = Release|Any CPU
		{243BB709-3912-4C65-82D4-787A5E2201D7}.net_4_5_Release|Any CPU.Build.0 = Release|Any CPU
		{243BB709-3912-4C65-82D4-787A5E2201D7}.Release|Any CPU.ActiveCfg = Release|Any CPU
		{243BB709-3912-4C65-82D4-787A5E2201D7}.Release|Any CPU.Build.0 = Release|Any CPU
		{DE78B8B7-C0F5-415B-A70B-02194433F450}.Debug|Any CPU.ActiveCfg = Debug|Any CPU
		{DE78B8B7-C0F5-415B-A70B-02194433F450}.Debug|Any CPU.Build.0 = Debug|Any CPU
		{DE78B8B7-C0F5-415B-A70B-02194433F450}.net_4_5_Debug|Any CPU.ActiveCfg = Debug|Any CPU
		{DE78B8B7-C0F5-415B-A70B-02194433F450}.net_4_5_Debug|Any CPU.Build.0 = Debug|Any CPU
		{DE78B8B7-C0F5-415B-A70B-02194433F450}.net_4_5_Release|Any CPU.ActiveCfg = Release|Any CPU
		{DE78B8B7-C0F5-415B-A70B-02194433F450}.net_4_5_Release|Any CPU.Build.0 = Release|Any CPU
		{DE78B8B7-C0F5-415B-A70B-02194433F450}.Release|Any CPU.ActiveCfg = Release|Any CPU
		{DE78B8B7-C0F5-415B-A70B-02194433F450}.Release|Any CPU.Build.0 = Release|Any CPU
		{52AE9E3E-6929-4720-AB7A-F9F22B9A8972}.Debug|Any CPU.ActiveCfg = Debug|Any CPU
		{52AE9E3E-6929-4720-AB7A-F9F22B9A8972}.Debug|Any CPU.Build.0 = Debug|Any CPU
		{52AE9E3E-6929-4720-AB7A-F9F22B9A8972}.net_4_5_Debug|Any CPU.ActiveCfg = Debug|Any CPU
		{52AE9E3E-6929-4720-AB7A-F9F22B9A8972}.net_4_5_Debug|Any CPU.Build.0 = Debug|Any CPU
		{52AE9E3E-6929-4720-AB7A-F9F22B9A8972}.net_4_5_Release|Any CPU.ActiveCfg = Release|Any CPU
		{52AE9E3E-6929-4720-AB7A-F9F22B9A8972}.net_4_5_Release|Any CPU.Build.0 = Release|Any CPU
		{52AE9E3E-6929-4720-AB7A-F9F22B9A8972}.Release|Any CPU.ActiveCfg = Release|Any CPU
		{52AE9E3E-6929-4720-AB7A-F9F22B9A8972}.Release|Any CPU.Build.0 = Release|Any CPU
		{44124331-C60A-4071-B387-4B8E71324B10}.Debug|Any CPU.ActiveCfg = Debug|Any CPU
		{44124331-C60A-4071-B387-4B8E71324B10}.Debug|Any CPU.Build.0 = Debug|Any CPU
		{44124331-C60A-4071-B387-4B8E71324B10}.net_4_5_Debug|Any CPU.ActiveCfg = Debug|Any CPU
		{44124331-C60A-4071-B387-4B8E71324B10}.net_4_5_Debug|Any CPU.Build.0 = Debug|Any CPU
		{44124331-C60A-4071-B387-4B8E71324B10}.net_4_5_Release|Any CPU.ActiveCfg = Release|Any CPU
		{44124331-C60A-4071-B387-4B8E71324B10}.net_4_5_Release|Any CPU.Build.0 = Release|Any CPU
		{44124331-C60A-4071-B387-4B8E71324B10}.Release|Any CPU.ActiveCfg = Release|Any CPU
		{44124331-C60A-4071-B387-4B8E71324B10}.Release|Any CPU.Build.0 = Release|Any CPU
		{3B2A5653-EC97-4001-BB9B-D90F1AF2C371}.Debug|Any CPU.ActiveCfg = Debug|Any CPU
		{3B2A5653-EC97-4001-BB9B-D90F1AF2C371}.Debug|Any CPU.Build.0 = Debug|Any CPU
		{3B2A5653-EC97-4001-BB9B-D90F1AF2C371}.net_4_5_Debug|Any CPU.ActiveCfg = Debug|Any CPU
		{3B2A5653-EC97-4001-BB9B-D90F1AF2C371}.net_4_5_Debug|Any CPU.Build.0 = Debug|Any CPU
		{3B2A5653-EC97-4001-BB9B-D90F1AF2C371}.net_4_5_Release|Any CPU.ActiveCfg = Release|Any CPU
		{3B2A5653-EC97-4001-BB9B-D90F1AF2C371}.net_4_5_Release|Any CPU.Build.0 = Release|Any CPU
		{3B2A5653-EC97-4001-BB9B-D90F1AF2C371}.Release|Any CPU.ActiveCfg = Release|Any CPU
		{3B2A5653-EC97-4001-BB9B-D90F1AF2C371}.Release|Any CPU.Build.0 = Release|Any CPU
		{2B8F4F83-C2B3-4E84-A27B-8DEE1BE0E006}.Debug|Any CPU.ActiveCfg = Debug|Any CPU
		{2B8F4F83-C2B3-4E84-A27B-8DEE1BE0E006}.Debug|Any CPU.Build.0 = Debug|Any CPU
		{2B8F4F83-C2B3-4E84-A27B-8DEE1BE0E006}.net_4_5_Debug|Any CPU.ActiveCfg = Debug|Any CPU
		{2B8F4F83-C2B3-4E84-A27B-8DEE1BE0E006}.net_4_5_Debug|Any CPU.Build.0 = Debug|Any CPU
		{2B8F4F83-C2B3-4E84-A27B-8DEE1BE0E006}.net_4_5_Release|Any CPU.ActiveCfg = Release|Any CPU
		{2B8F4F83-C2B3-4E84-A27B-8DEE1BE0E006}.net_4_5_Release|Any CPU.Build.0 = Release|Any CPU
		{2B8F4F83-C2B3-4E84-A27B-8DEE1BE0E006}.Release|Any CPU.ActiveCfg = Release|Any CPU
		{2B8F4F83-C2B3-4E84-A27B-8DEE1BE0E006}.Release|Any CPU.Build.0 = Release|Any CPU
		{53DCA265-3C3C-42F9-B647-F72BA678122B}.Debug|Any CPU.ActiveCfg = Debug|Any CPU
		{53DCA265-3C3C-42F9-B647-F72BA678122B}.Debug|Any CPU.Build.0 = Debug|Any CPU
		{53DCA265-3C3C-42F9-B647-F72BA678122B}.net_4_5_Debug|Any CPU.ActiveCfg = Debug|Any CPU
		{53DCA265-3C3C-42F9-B647-F72BA678122B}.net_4_5_Debug|Any CPU.Build.0 = Debug|Any CPU
		{53DCA265-3C3C-42F9-B647-F72BA678122B}.net_4_5_Release|Any CPU.ActiveCfg = Release|Any CPU
		{53DCA265-3C3C-42F9-B647-F72BA678122B}.net_4_5_Release|Any CPU.Build.0 = Release|Any CPU
		{53DCA265-3C3C-42F9-B647-F72BA678122B}.Release|Any CPU.ActiveCfg = Release|Any CPU
		{53DCA265-3C3C-42F9-B647-F72BA678122B}.Release|Any CPU.Build.0 = Release|Any CPU
		{351B6B9D-3FAF-4B95-A7D7-C10AC046D84F}.Debug|Any CPU.ActiveCfg = Debug|Any CPU
		{351B6B9D-3FAF-4B95-A7D7-C10AC046D84F}.Debug|Any CPU.Build.0 = Debug|Any CPU
		{351B6B9D-3FAF-4B95-A7D7-C10AC046D84F}.net_4_5_Debug|Any CPU.ActiveCfg = Debug|Any CPU
		{351B6B9D-3FAF-4B95-A7D7-C10AC046D84F}.net_4_5_Debug|Any CPU.Build.0 = Debug|Any CPU
		{351B6B9D-3FAF-4B95-A7D7-C10AC046D84F}.net_4_5_Release|Any CPU.ActiveCfg = Release|Any CPU
		{351B6B9D-3FAF-4B95-A7D7-C10AC046D84F}.net_4_5_Release|Any CPU.Build.0 = Release|Any CPU
		{351B6B9D-3FAF-4B95-A7D7-C10AC046D84F}.Release|Any CPU.ActiveCfg = Release|Any CPU
		{351B6B9D-3FAF-4B95-A7D7-C10AC046D84F}.Release|Any CPU.Build.0 = Release|Any CPU
		{229C8FBC-7F91-4361-B5A9-A20190AC75DA}.Debug|Any CPU.ActiveCfg = Debug|Any CPU
		{229C8FBC-7F91-4361-B5A9-A20190AC75DA}.Debug|Any CPU.Build.0 = Debug|Any CPU
		{229C8FBC-7F91-4361-B5A9-A20190AC75DA}.net_4_5_Debug|Any CPU.ActiveCfg = Debug|Any CPU
		{229C8FBC-7F91-4361-B5A9-A20190AC75DA}.net_4_5_Debug|Any CPU.Build.0 = Debug|Any CPU
		{229C8FBC-7F91-4361-B5A9-A20190AC75DA}.net_4_5_Release|Any CPU.ActiveCfg = Release|Any CPU
		{229C8FBC-7F91-4361-B5A9-A20190AC75DA}.net_4_5_Release|Any CPU.Build.0 = Release|Any CPU
		{229C8FBC-7F91-4361-B5A9-A20190AC75DA}.Release|Any CPU.ActiveCfg = Release|Any CPU
		{229C8FBC-7F91-4361-B5A9-A20190AC75DA}.Release|Any CPU.Build.0 = Release|Any CPU
		{B007B798-1EF2-4D72-B2B5-2BB9FDF2822E}.Debug|Any CPU.ActiveCfg = Debug|Any CPU
		{B007B798-1EF2-4D72-B2B5-2BB9FDF2822E}.Debug|Any CPU.Build.0 = Debug|Any CPU
		{B007B798-1EF2-4D72-B2B5-2BB9FDF2822E}.net_4_5_Debug|Any CPU.ActiveCfg = Debug|Any CPU
		{B007B798-1EF2-4D72-B2B5-2BB9FDF2822E}.net_4_5_Debug|Any CPU.Build.0 = Debug|Any CPU
		{B007B798-1EF2-4D72-B2B5-2BB9FDF2822E}.net_4_5_Release|Any CPU.ActiveCfg = Release|Any CPU
		{B007B798-1EF2-4D72-B2B5-2BB9FDF2822E}.net_4_5_Release|Any CPU.Build.0 = Release|Any CPU
		{B007B798-1EF2-4D72-B2B5-2BB9FDF2822E}.Release|Any CPU.ActiveCfg = Release|Any CPU
		{B007B798-1EF2-4D72-B2B5-2BB9FDF2822E}.Release|Any CPU.Build.0 = Release|Any CPU
		{52994FEF-5F96-4CBD-9589-04B641FC1C18}.Debug|Any CPU.ActiveCfg = Debug|Any CPU
		{52994FEF-5F96-4CBD-9589-04B641FC1C18}.Debug|Any CPU.Build.0 = Debug|Any CPU
		{52994FEF-5F96-4CBD-9589-04B641FC1C18}.net_4_5_Debug|Any CPU.ActiveCfg = Debug|Any CPU
		{52994FEF-5F96-4CBD-9589-04B641FC1C18}.net_4_5_Debug|Any CPU.Build.0 = Debug|Any CPU
		{52994FEF-5F96-4CBD-9589-04B641FC1C18}.net_4_5_Release|Any CPU.ActiveCfg = Release|Any CPU
		{52994FEF-5F96-4CBD-9589-04B641FC1C18}.net_4_5_Release|Any CPU.Build.0 = Release|Any CPU
		{52994FEF-5F96-4CBD-9589-04B641FC1C18}.Release|Any CPU.ActiveCfg = Release|Any CPU
		{52994FEF-5F96-4CBD-9589-04B641FC1C18}.Release|Any CPU.Build.0 = Release|Any CPU
		{A6C57659-F0D9-47F5-8B26-959611E35441}.Debug|Any CPU.ActiveCfg = Debug|Any CPU
		{A6C57659-F0D9-47F5-8B26-959611E35441}.Debug|Any CPU.Build.0 = Debug|Any CPU
		{A6C57659-F0D9-47F5-8B26-959611E35441}.net_4_5_Debug|Any CPU.ActiveCfg = Debug|Any CPU
		{A6C57659-F0D9-47F5-8B26-959611E35441}.net_4_5_Debug|Any CPU.Build.0 = Debug|Any CPU
		{A6C57659-F0D9-47F5-8B26-959611E35441}.net_4_5_Release|Any CPU.ActiveCfg = Release|Any CPU
		{A6C57659-F0D9-47F5-8B26-959611E35441}.net_4_5_Release|Any CPU.Build.0 = Release|Any CPU
		{A6C57659-F0D9-47F5-8B26-959611E35441}.Release|Any CPU.ActiveCfg = Release|Any CPU
		{A6C57659-F0D9-47F5-8B26-959611E35441}.Release|Any CPU.Build.0 = Release|Any CPU
		{31E21C93-65BC-4991-99EC-4303E23B0291}.Debug|Any CPU.ActiveCfg = Debug|Any CPU
		{31E21C93-65BC-4991-99EC-4303E23B0291}.Debug|Any CPU.Build.0 = Debug|Any CPU
		{31E21C93-65BC-4991-99EC-4303E23B0291}.net_4_5_Debug|Any CPU.ActiveCfg = Debug|Any CPU
		{31E21C93-65BC-4991-99EC-4303E23B0291}.net_4_5_Debug|Any CPU.Build.0 = Debug|Any CPU
		{31E21C93-65BC-4991-99EC-4303E23B0291}.net_4_5_Release|Any CPU.ActiveCfg = Release|Any CPU
		{31E21C93-65BC-4991-99EC-4303E23B0291}.net_4_5_Release|Any CPU.Build.0 = Release|Any CPU
		{31E21C93-65BC-4991-99EC-4303E23B0291}.Release|Any CPU.ActiveCfg = Release|Any CPU
		{31E21C93-65BC-4991-99EC-4303E23B0291}.Release|Any CPU.Build.0 = Release|Any CPU
	EndGlobalSection
	GlobalSection(SolutionProperties) = preSolution
		HideSolutionNode = FALSE
	EndGlobalSection
	GlobalSection(NestedProjects) = preSolution
		{28703D12-116A-4968-BD85-F26D7F7E7DA4} = {47D6D365-36CE-43C2-91D0-5A071928C62A}
		{243BB709-3912-4C65-82D4-787A5E2201D7} = {47D6D365-36CE-43C2-91D0-5A071928C62A}
		{DE78B8B7-C0F5-415B-A70B-02194433F450} = {32B4E540-81E6-4E3F-8383-5813786DC899}
		{52AE9E3E-6929-4720-AB7A-F9F22B9A8972} = {47D6D365-36CE-43C2-91D0-5A071928C62A}
		{44124331-C60A-4071-B387-4B8E71324B10} = {47D6D365-36CE-43C2-91D0-5A071928C62A}
		{3B2A5653-EC97-4001-BB9B-D90F1AF2C371} = {3C35A275-09BC-4C5C-B33C-392FF15F2238}
		{2B8F4F83-C2B3-4E84-A27B-8DEE1BE0E006} = {3C35A275-09BC-4C5C-B33C-392FF15F2238}
		{53DCA265-3C3C-42F9-B647-F72BA678122B} = {3C35A275-09BC-4C5C-B33C-392FF15F2238}
		{351B6B9D-3FAF-4B95-A7D7-C10AC046D84F} = {EA8CB234-60A5-4B07-9FAD-9EDE1659656E}
		{229C8FBC-7F91-4361-B5A9-A20190AC75DA} = {0153D929-0988-472C-B5E1-B9E34EAE51E0}
		{B007B798-1EF2-4D72-B2B5-2BB9FDF2822E} = {0153D929-0988-472C-B5E1-B9E34EAE51E0}
		{52994FEF-5F96-4CBD-9589-04B641FC1C18} = {0153D929-0988-472C-B5E1-B9E34EAE51E0}
		{A6C57659-F0D9-47F5-8B26-959611E35441} = {0D466F73-DEDB-462D-AD48-AD11F6164E8B}
		{31E21C93-65BC-4991-99EC-4303E23B0291} = {0D466F73-DEDB-462D-AD48-AD11F6164E8B}
	EndGlobalSection
	GlobalSection(ExtensibilityGlobals) = postSolution
		SolutionGuid = {EF71AC36-B6CF-4677-9945-9A6368D62539}
	EndGlobalSection
EndGlobal
